
Microsoft Visual Studio Solution File, Format Version 12.00
Project("{2150E333-8FDC-42A3-9474-1A3956D46DE8}") = "Links", "Links", "{BE71B5EC-6150-4BA8-904E-63D10AE47351}"
EndProject
Project("{FAE04EC0-301F-11D3-BF4B-00C04F79EFBC}") = "Shortly.Link.Domain", "Shortly.Link.Domain\Shortly.Link.Domain.csproj", "{2D02796D-39D8-4A4E-A142-E5F67C635F8E}"
EndProject
Project("{FAE04EC0-301F-11D3-BF4B-00C04F79EFBC}") = "Shortly.Link.Application", "Shortly.Link.Application\Shortly.Link.Application.csproj", "{834103D9-1DF3-4260-B745-DC8CA2F1C40F}"
EndProject
Project("{2150E333-8FDC-42A3-9474-1A3956D46DE8}") = "DAL", "DAL", "{2B86AB9A-B38A-4235-965B-45D241FCC026}"
EndProject
Project("{2150E333-8FDC-42A3-9474-1A3956D46DE8}") = "BLL", "BLL", "{652149E8-491B-4DB6-89B2-D3C3FDDA5296}"
EndProject
Project("{FAE04EC0-301F-11D3-BF4B-00C04F79EFBC}") = "Shortly.Link.DAL.Abstractions", "Shortly.Link.DAL.Abstractions\Shortly.Link.DAL.Abstractions.csproj", "{DDBC59A3-D97E-464B-91C5-881D63B5661F}"
EndProject
Project("{FAE04EC0-301F-11D3-BF4B-00C04F79EFBC}") = "Shortly.Link.BLL.Abstractions", "Shortly.Link.BLL.Abstractions\Shortly.Link.BLL.Abstractions.csproj", "{1D3C1EAC-1518-4078-91E2-EB171967DC0F}"
EndProject
Project("{FAE04EC0-301F-11D3-BF4B-00C04F79EFBC}") = "Shortly.Link.BLL.Implementation", "Shortly.Link.BLL.Implementation\Shortly.Link.BLL.Implementation.csproj", "{E184C540-AD5C-4E5C-A9A4-68254F85012C}"
EndProject
Project("{FAE04EC0-301F-11D3-BF4B-00C04F79EFBC}") = "Shortly.Link.DAL.Mongo", "Shortly.Link.DAL.Mongo\Shortly.Link.DAL.Mongo.csproj", "{80BBB07F-9F2F-4A8F-8B0D-AF470C37B8C5}"
EndProject
Project("{FAE04EC0-301F-11D3-BF4B-00C04F79EFBC}") = "Shortly.Link.API", "Shortly.Link.API\Shortly.Link.API.csproj", "{6960E58D-E9AD-4D75-8B50-46C11FA5A661}"
EndProject
Project("{2150E333-8FDC-42A3-9474-1A3956D46DE8}") = "Analytics", "Analytics", "{3AA6793E-5C90-44EB-A35F-162CA43CADF8}"
EndProject
Project("{FAE04EC0-301F-11D3-BF4B-00C04F79EFBC}") = "Shortly.Analytics.Domain", "Shortly.Analytics.Domain\Shortly.Analytics.Domain.csproj", "{05DE147A-8832-4DF7-B51A-D46563704C68}"
EndProject
Project("{FAE04EC0-301F-11D3-BF4B-00C04F79EFBC}") = "Shortly.Analytics.Application", "Shortly.Analytics.Application\Shortly.Analytics.Application.csproj", "{AA92503F-1739-4A4F-BDF2-13F9738787E4}"
EndProject
Project("{2150E333-8FDC-42A3-9474-1A3956D46DE8}") = "BLL", "BLL", "{F8566823-F72D-45C2-AD83-B84F37FAACC0}"
EndProject
Project("{2150E333-8FDC-42A3-9474-1A3956D46DE8}") = "DAL", "DAL", "{EB101BB6-2958-4CE4-BB09-8A386A83AC64}"
EndProject
Project("{FAE04EC0-301F-11D3-BF4B-00C04F79EFBC}") = "Shortly.Analytics.BLL.Abstractions", "Shortly.Analytics.BLL.Abstractions\Shortly.Analytics.BLL.Abstractions.csproj", "{B8899144-94BB-44E3-91FB-623F60C314A1}"
EndProject
Project("{FAE04EC0-301F-11D3-BF4B-00C04F79EFBC}") = "Shortly.Analytics.BLL.Implementation", "Shortly.Analytics.BLL.Implementation\Shortly.Analytics.BLL.Implementation.csproj", "{8DB942E1-19CA-427B-988F-82875BBB449C}"
EndProject
Project("{FAE04EC0-301F-11D3-BF4B-00C04F79EFBC}") = "Shortly.Analytics.DAL.Abstractions", "Shortly.Analytics.DAL.Abstractions\Shortly.Analytics.DAL.Abstractions.csproj", "{6B17DE83-C0E4-4A7D-A656-45C2CBDF2416}"
EndProject
Project("{FAE04EC0-301F-11D3-BF4B-00C04F79EFBC}") = "Shortly.Analytics.DAL.Mongo", "Shortly.Analytics.DAL.Mongo\Shortly.Analytics.DAL.Mongo.csproj", "{B16623E4-D3F1-437B-97E9-EBE1AF37462B}"
EndProject
Project("{2150E333-8FDC-42A3-9474-1A3956D46DE8}") = "Modules", "Modules", "{E7DDB402-C8B1-42EA-9203-37354566EAEB}"
EndProject
Project("{2150E333-8FDC-42A3-9474-1A3956D46DE8}") = "src", "src", "{7DF34A2D-0859-48CB-94B3-2ACC2E03D72A}"
EndProject
Project("{2150E333-8FDC-42A3-9474-1A3956D46DE8}") = "Authorization", "Authorization", "{D61FBCDC-3021-43DF-AA5D-DB974235F750}"
EndProject
Project("{FAE04EC0-301F-11D3-BF4B-00C04F79EFBC}") = "Shortly.Authorization.Domain", "Shortly.Authorization.Domain\Shortly.Authorization.Domain.csproj", "{1F82D56F-CA54-4910-88A1-B4D6E3057715}"
EndProject
Project("{FAE04EC0-301F-11D3-BF4B-00C04F79EFBC}") = "Shortly.Authorization.Application", "Shortly.Authorization.Application\Shortly.Authorization.Application.csproj", "{6B22E835-05FD-4A9C-BB62-328B05382AD0}"
EndProject
Project("{2150E333-8FDC-42A3-9474-1A3956D46DE8}") = "DAL", "DAL", "{B5FC0594-EA4D-490A-A147-A29396706A25}"
EndProject
Project("{2150E333-8FDC-42A3-9474-1A3956D46DE8}") = "BLL", "BLL", "{28F4B163-68A6-49ED-AA87-5A946216366E}"
EndProject
Project("{FAE04EC0-301F-11D3-BF4B-00C04F79EFBC}") = "Shortly.Authorization.DAL.Abstractions", "Shortly.Authorization.DAL.Abstractions\Shortly.Authorization.DAL.Abstractions.csproj", "{C9694F3A-E52E-4372-B672-31C5585633F0}"
EndProject
Project("{FAE04EC0-301F-11D3-BF4B-00C04F79EFBC}") = "Shortly.Authorization.DAL.PostgreSQL", "Shortly.Authorization.DAL.PostgreSQL\Shortly.Authorization.DAL.PostgreSQL.csproj", "{901D63EB-3CE1-4AB8-9E85-CAD7630F1653}"
EndProject
Project("{FAE04EC0-301F-11D3-BF4B-00C04F79EFBC}") = "Shortly.Authorization.BLL.Abstractions", "Shortly.Authorization.BLL.Abstractions\Shortly.Authorization.BLL.Abstractions.csproj", "{8ADEC431-9964-4879-8B43-2483F62512DF}"
EndProject
Project("{FAE04EC0-301F-11D3-BF4B-00C04F79EFBC}") = "Shortly.Authorization.BLL.Implementation", "Shortly.Authorization.BLL.Implementation\Shortly.Authorization.BLL.Implementation.csproj", "{BE77DB7A-0FE1-44A2-A0EB-09E0C15D7BB8}"
EndProject
Global
	GlobalSection(SolutionConfigurationPlatforms) = preSolution
		Debug|Any CPU = Debug|Any CPU
		Release|Any CPU = Release|Any CPU
	EndGlobalSection
	GlobalSection(ProjectConfigurationPlatforms) = postSolution
		{2D02796D-39D8-4A4E-A142-E5F67C635F8E}.Debug|Any CPU.ActiveCfg = Debug|Any CPU
		{2D02796D-39D8-4A4E-A142-E5F67C635F8E}.Debug|Any CPU.Build.0 = Debug|Any CPU
		{2D02796D-39D8-4A4E-A142-E5F67C635F8E}.Release|Any CPU.ActiveCfg = Release|Any CPU
		{2D02796D-39D8-4A4E-A142-E5F67C635F8E}.Release|Any CPU.Build.0 = Release|Any CPU
		{834103D9-1DF3-4260-B745-DC8CA2F1C40F}.Debug|Any CPU.ActiveCfg = Debug|Any CPU
		{834103D9-1DF3-4260-B745-DC8CA2F1C40F}.Debug|Any CPU.Build.0 = Debug|Any CPU
		{834103D9-1DF3-4260-B745-DC8CA2F1C40F}.Release|Any CPU.ActiveCfg = Release|Any CPU
		{834103D9-1DF3-4260-B745-DC8CA2F1C40F}.Release|Any CPU.Build.0 = Release|Any CPU
		{DDBC59A3-D97E-464B-91C5-881D63B5661F}.Debug|Any CPU.ActiveCfg = Debug|Any CPU
		{DDBC59A3-D97E-464B-91C5-881D63B5661F}.Debug|Any CPU.Build.0 = Debug|Any CPU
		{DDBC59A3-D97E-464B-91C5-881D63B5661F}.Release|Any CPU.ActiveCfg = Release|Any CPU
		{DDBC59A3-D97E-464B-91C5-881D63B5661F}.Release|Any CPU.Build.0 = Release|Any CPU
		{1D3C1EAC-1518-4078-91E2-EB171967DC0F}.Debug|Any CPU.ActiveCfg = Debug|Any CPU
		{1D3C1EAC-1518-4078-91E2-EB171967DC0F}.Debug|Any CPU.Build.0 = Debug|Any CPU
		{1D3C1EAC-1518-4078-91E2-EB171967DC0F}.Release|Any CPU.ActiveCfg = Release|Any CPU
		{1D3C1EAC-1518-4078-91E2-EB171967DC0F}.Release|Any CPU.Build.0 = Release|Any CPU
		{E184C540-AD5C-4E5C-A9A4-68254F85012C}.Debug|Any CPU.ActiveCfg = Debug|Any CPU
		{E184C540-AD5C-4E5C-A9A4-68254F85012C}.Debug|Any CPU.Build.0 = Debug|Any CPU
		{E184C540-AD5C-4E5C-A9A4-68254F85012C}.Release|Any CPU.ActiveCfg = Release|Any CPU
		{E184C540-AD5C-4E5C-A9A4-68254F85012C}.Release|Any CPU.Build.0 = Release|Any CPU
		{80BBB07F-9F2F-4A8F-8B0D-AF470C37B8C5}.Debug|Any CPU.ActiveCfg = Debug|Any CPU
		{80BBB07F-9F2F-4A8F-8B0D-AF470C37B8C5}.Debug|Any CPU.Build.0 = Debug|Any CPU
		{80BBB07F-9F2F-4A8F-8B0D-AF470C37B8C5}.Release|Any CPU.ActiveCfg = Release|Any CPU
		{80BBB07F-9F2F-4A8F-8B0D-AF470C37B8C5}.Release|Any CPU.Build.0 = Release|Any CPU
		{6960E58D-E9AD-4D75-8B50-46C11FA5A661}.Debug|Any CPU.ActiveCfg = Debug|Any CPU
		{6960E58D-E9AD-4D75-8B50-46C11FA5A661}.Debug|Any CPU.Build.0 = Debug|Any CPU
		{6960E58D-E9AD-4D75-8B50-46C11FA5A661}.Release|Any CPU.ActiveCfg = Release|Any CPU
		{6960E58D-E9AD-4D75-8B50-46C11FA5A661}.Release|Any CPU.Build.0 = Release|Any CPU
		{05DE147A-8832-4DF7-B51A-D46563704C68}.Debug|Any CPU.ActiveCfg = Debug|Any CPU
		{05DE147A-8832-4DF7-B51A-D46563704C68}.Debug|Any CPU.Build.0 = Debug|Any CPU
		{05DE147A-8832-4DF7-B51A-D46563704C68}.Release|Any CPU.ActiveCfg = Release|Any CPU
		{05DE147A-8832-4DF7-B51A-D46563704C68}.Release|Any CPU.Build.0 = Release|Any CPU
		{AA92503F-1739-4A4F-BDF2-13F9738787E4}.Debug|Any CPU.ActiveCfg = Debug|Any CPU
		{AA92503F-1739-4A4F-BDF2-13F9738787E4}.Debug|Any CPU.Build.0 = Debug|Any CPU
		{AA92503F-1739-4A4F-BDF2-13F9738787E4}.Release|Any CPU.ActiveCfg = Release|Any CPU
		{AA92503F-1739-4A4F-BDF2-13F9738787E4}.Release|Any CPU.Build.0 = Release|Any CPU
		{B8899144-94BB-44E3-91FB-623F60C314A1}.Debug|Any CPU.ActiveCfg = Debug|Any CPU
		{B8899144-94BB-44E3-91FB-623F60C314A1}.Debug|Any CPU.Build.0 = Debug|Any CPU
		{B8899144-94BB-44E3-91FB-623F60C314A1}.Release|Any CPU.ActiveCfg = Release|Any CPU
		{B8899144-94BB-44E3-91FB-623F60C314A1}.Release|Any CPU.Build.0 = Release|Any CPU
		{8DB942E1-19CA-427B-988F-82875BBB449C}.Debug|Any CPU.ActiveCfg = Debug|Any CPU
		{8DB942E1-19CA-427B-988F-82875BBB449C}.Debug|Any CPU.Build.0 = Debug|Any CPU
		{8DB942E1-19CA-427B-988F-82875BBB449C}.Release|Any CPU.ActiveCfg = Release|Any CPU
		{8DB942E1-19CA-427B-988F-82875BBB449C}.Release|Any CPU.Build.0 = Release|Any CPU
		{6B17DE83-C0E4-4A7D-A656-45C2CBDF2416}.Debug|Any CPU.ActiveCfg = Debug|Any CPU
		{6B17DE83-C0E4-4A7D-A656-45C2CBDF2416}.Debug|Any CPU.Build.0 = Debug|Any CPU
		{6B17DE83-C0E4-4A7D-A656-45C2CBDF2416}.Release|Any CPU.ActiveCfg = Release|Any CPU
		{6B17DE83-C0E4-4A7D-A656-45C2CBDF2416}.Release|Any CPU.Build.0 = Release|Any CPU
		{B16623E4-D3F1-437B-97E9-EBE1AF37462B}.Debug|Any CPU.ActiveCfg = Debug|Any CPU
		{B16623E4-D3F1-437B-97E9-EBE1AF37462B}.Debug|Any CPU.Build.0 = Debug|Any CPU
		{B16623E4-D3F1-437B-97E9-EBE1AF37462B}.Release|Any CPU.ActiveCfg = Release|Any CPU
		{B16623E4-D3F1-437B-97E9-EBE1AF37462B}.Release|Any CPU.Build.0 = Release|Any CPU
		{1F82D56F-CA54-4910-88A1-B4D6E3057715}.Debug|Any CPU.ActiveCfg = Debug|Any CPU
		{1F82D56F-CA54-4910-88A1-B4D6E3057715}.Debug|Any CPU.Build.0 = Debug|Any CPU
		{1F82D56F-CA54-4910-88A1-B4D6E3057715}.Release|Any CPU.ActiveCfg = Release|Any CPU
		{1F82D56F-CA54-4910-88A1-B4D6E3057715}.Release|Any CPU.Build.0 = Release|Any CPU
		{6B22E835-05FD-4A9C-BB62-328B05382AD0}.Debug|Any CPU.ActiveCfg = Debug|Any CPU
		{6B22E835-05FD-4A9C-BB62-328B05382AD0}.Debug|Any CPU.Build.0 = Debug|Any CPU
		{6B22E835-05FD-4A9C-BB62-328B05382AD0}.Release|Any CPU.ActiveCfg = Release|Any CPU
		{6B22E835-05FD-4A9C-BB62-328B05382AD0}.Release|Any CPU.Build.0 = Release|Any CPU
		{C9694F3A-E52E-4372-B672-31C5585633F0}.Debug|Any CPU.ActiveCfg = Debug|Any CPU
		{C9694F3A-E52E-4372-B672-31C5585633F0}.Debug|Any CPU.Build.0 = Debug|Any CPU
		{C9694F3A-E52E-4372-B672-31C5585633F0}.Release|Any CPU.ActiveCfg = Release|Any CPU
		{C9694F3A-E52E-4372-B672-31C5585633F0}.Release|Any CPU.Build.0 = Release|Any CPU
		{901D63EB-3CE1-4AB8-9E85-CAD7630F1653}.Debug|Any CPU.ActiveCfg = Debug|Any CPU
		{901D63EB-3CE1-4AB8-9E85-CAD7630F1653}.Debug|Any CPU.Build.0 = Debug|Any CPU
		{901D63EB-3CE1-4AB8-9E85-CAD7630F1653}.Release|Any CPU.ActiveCfg = Release|Any CPU
		{901D63EB-3CE1-4AB8-9E85-CAD7630F1653}.Release|Any CPU.Build.0 = Release|Any CPU
		{8ADEC431-9964-4879-8B43-2483F62512DF}.Debug|Any CPU.ActiveCfg = Debug|Any CPU
		{8ADEC431-9964-4879-8B43-2483F62512DF}.Debug|Any CPU.Build.0 = Debug|Any CPU
		{8ADEC431-9964-4879-8B43-2483F62512DF}.Release|Any CPU.ActiveCfg = Release|Any CPU
		{8ADEC431-9964-4879-8B43-2483F62512DF}.Release|Any CPU.Build.0 = Release|Any CPU
		{BE77DB7A-0FE1-44A2-A0EB-09E0C15D7BB8}.Debug|Any CPU.ActiveCfg = Debug|Any CPU
		{BE77DB7A-0FE1-44A2-A0EB-09E0C15D7BB8}.Debug|Any CPU.Build.0 = Debug|Any CPU
		{BE77DB7A-0FE1-44A2-A0EB-09E0C15D7BB8}.Release|Any CPU.ActiveCfg = Release|Any CPU
		{BE77DB7A-0FE1-44A2-A0EB-09E0C15D7BB8}.Release|Any CPU.Build.0 = Release|Any CPU
	EndGlobalSection
	GlobalSection(NestedProjects) = preSolution
		{2D02796D-39D8-4A4E-A142-E5F67C635F8E} = {BE71B5EC-6150-4BA8-904E-63D10AE47351}
		{834103D9-1DF3-4260-B745-DC8CA2F1C40F} = {BE71B5EC-6150-4BA8-904E-63D10AE47351}
		{2B86AB9A-B38A-4235-965B-45D241FCC026} = {BE71B5EC-6150-4BA8-904E-63D10AE47351}
		{652149E8-491B-4DB6-89B2-D3C3FDDA5296} = {BE71B5EC-6150-4BA8-904E-63D10AE47351}
		{DDBC59A3-D97E-464B-91C5-881D63B5661F} = {2B86AB9A-B38A-4235-965B-45D241FCC026}
		{1D3C1EAC-1518-4078-91E2-EB171967DC0F} = {652149E8-491B-4DB6-89B2-D3C3FDDA5296}
		{E184C540-AD5C-4E5C-A9A4-68254F85012C} = {652149E8-491B-4DB6-89B2-D3C3FDDA5296}
		{80BBB07F-9F2F-4A8F-8B0D-AF470C37B8C5} = {2B86AB9A-B38A-4235-965B-45D241FCC026}
		{6960E58D-E9AD-4D75-8B50-46C11FA5A661} = {BE71B5EC-6150-4BA8-904E-63D10AE47351}
		{05DE147A-8832-4DF7-B51A-D46563704C68} = {3AA6793E-5C90-44EB-A35F-162CA43CADF8}
		{AA92503F-1739-4A4F-BDF2-13F9738787E4} = {3AA6793E-5C90-44EB-A35F-162CA43CADF8}
		{F8566823-F72D-45C2-AD83-B84F37FAACC0} = {3AA6793E-5C90-44EB-A35F-162CA43CADF8}
		{EB101BB6-2958-4CE4-BB09-8A386A83AC64} = {3AA6793E-5C90-44EB-A35F-162CA43CADF8}
		{B8899144-94BB-44E3-91FB-623F60C314A1} = {F8566823-F72D-45C2-AD83-B84F37FAACC0}
		{8DB942E1-19CA-427B-988F-82875BBB449C} = {F8566823-F72D-45C2-AD83-B84F37FAACC0}
		{6B17DE83-C0E4-4A7D-A656-45C2CBDF2416} = {EB101BB6-2958-4CE4-BB09-8A386A83AC64}
		{B16623E4-D3F1-437B-97E9-EBE1AF37462B} = {EB101BB6-2958-4CE4-BB09-8A386A83AC64}
		{E7DDB402-C8B1-42EA-9203-37354566EAEB} = {7DF34A2D-0859-48CB-94B3-2ACC2E03D72A}
		{BE71B5EC-6150-4BA8-904E-63D10AE47351} = {E7DDB402-C8B1-42EA-9203-37354566EAEB}
		{3AA6793E-5C90-44EB-A35F-162CA43CADF8} = {E7DDB402-C8B1-42EA-9203-37354566EAEB}
		{D61FBCDC-3021-43DF-AA5D-DB974235F750} = {E7DDB402-C8B1-42EA-9203-37354566EAEB}
		{1F82D56F-CA54-4910-88A1-B4D6E3057715} = {D61FBCDC-3021-43DF-AA5D-DB974235F750}
		{6B22E835-05FD-4A9C-BB62-328B05382AD0} = {D61FBCDC-3021-43DF-AA5D-DB974235F750}
		{B5FC0594-EA4D-490A-A147-A29396706A25} = {D61FBCDC-3021-43DF-AA5D-DB974235F750}
		{28F4B163-68A6-49ED-AA87-5A946216366E} = {D61FBCDC-3021-43DF-AA5D-DB974235F750}
		{C9694F3A-E52E-4372-B672-31C5585633F0} = {B5FC0594-EA4D-490A-A147-A29396706A25}
		{901D63EB-3CE1-4AB8-9E85-CAD7630F1653} = {B5FC0594-EA4D-490A-A147-A29396706A25}
		{8ADEC431-9964-4879-8B43-2483F62512DF} = {28F4B163-68A6-49ED-AA87-5A946216366E}
		{BE77DB7A-0FE1-44A2-A0EB-09E0C15D7BB8} = {28F4B163-68A6-49ED-AA87-5A946216366E}
	EndGlobalSection
EndGlobal
